// !$*UTF8*$!
{
	archiveVersion = 1;
	classes = {
	};
	objectVersion = 55;
	objects = {

/* Begin PBXBuildFile section */
		B42D733A2849EDDB00836266 /* main.swift in Sources */ = {isa = PBXBuildFile; fileRef = B42D73392849EDDB00836266 /* main.swift */; };
		B4376AB4284B9F4500E5B9EF /* Protocols.swift in Sources */ = {isa = PBXBuildFile; fileRef = B4376AB3284B9F4500E5B9EF /* Protocols.swift */; };
		B4376AB6284BE92E00E5B9EF /* Extensions.swift in Sources */ = {isa = PBXBuildFile; fileRef = B4376AB5284BE92E00E5B9EF /* Extensions.swift */; };
		B4376AB8284BE95900E5B9EF /* SportCar.swift in Sources */ = {isa = PBXBuildFile; fileRef = B4376AB7284BE95900E5B9EF /* SportCar.swift */; };
		B4376ABA284BE98100E5B9EF /* TrunkCar.swift in Sources */ = {isa = PBXBuildFile; fileRef = B4376AB9284BE98100E5B9EF /* TrunkCar.swift */; };
		B4376ABC284BF7A300E5B9EF /* Enums.swift in Sources */ = {isa = PBXBuildFile; fileRef = B4376ABB284BF7A300E5B9EF /* Enums.swift */; };
/* End PBXBuildFile section */

/* Begin PBXCopyFilesBuildPhase section */
		B42D73342849EDDB00836266 /* CopyFiles */ = {
			isa = PBXCopyFilesBuildPhase;
			buildActionMask = 2147483647;
			dstPath = /usr/share/man/man1/;
			dstSubfolderSpec = 0;
			files = (
			);
			runOnlyForDeploymentPostprocessing = 1;
		};
/* End PBXCopyFilesBuildPhase section */

/* Begin PBXFileReference section */
		B42D73362849EDDB00836266 /* 5_Русских_Елена */ = {isa = PBXFileReference; explicitFileType = "compiled.mach-o.executable"; includeInIndex = 0; path = "5_Русских_Елена"; sourceTree = BUILT_PRODUCTS_DIR; };
		B42D73392849EDDB00836266 /* main.swift */ = {isa = PBXFileReference; lastKnownFileType = sourcecode.swift; path = main.swift; sourceTree = "<group>"; };
		B4376AB3284B9F4500E5B9EF /* Protocols.swift */ = {isa = PBXFileReference; lastKnownFileType = sourcecode.swift; path = Protocols.swift; sourceTree = "<group>"; };
		B4376AB5284BE92E00E5B9EF /* Extensions.swift */ = {isa = PBXFileReference; lastKnownFileType = sourcecode.swift; path = Extensions.swift; sourceTree = "<group>"; };
		B4376AB7284BE95900E5B9EF /* SportCar.swift */ = {isa = PBXFileReference; lastKnownFileType = sourcecode.swift; path = SportCar.swift; sourceTree = "<group>"; };
		B4376AB9284BE98100E5B9EF /* TrunkCar.swift */ = {isa = PBXFileReference; lastKnownFileType = sourcecode.swift; path = TrunkCar.swift; sourceTree = "<group>"; };
		B4376ABB284BF7A300E5B9EF /* Enums.swift */ = {isa = PBXFileReference; lastKnownFileType = sourcecode.swift; path = Enums.swift; sourceTree = "<group>"; };
/* End PBXFileReference section */

/* Begin PBXFrameworksBuildPhase section */
		B42D73332849EDDB00836266 /* Frameworks */ = {
			isa = PBXFrameworksBuildPhase;
			buildActionMask = 2147483647;
			files = (
			);
			runOnlyForDeploymentPostprocessing = 0;
		};
/* End PBXFrameworksBuildPhase section */

/* Begin PBXGroup section */
		B42D732D2849EDDB00836266 = {
			isa = PBXGroup;
			children = (
				B42D73382849EDDB00836266 /* 5_Русских_Елена */,
				B42D73372849EDDB00836266 /* Products */,
			);
			sourceTree = "<group>";
		};
		B42D73372849EDDB00836266 /* Products */ = {
			isa = PBXGroup;
			children = (
				B42D73362849EDDB00836266 /* 5_Русских_Елена */,
			);
			name = Products;
			sourceTree = "<group>";
		};
		B42D73382849EDDB00836266 /* 5_Русских_Елена */ = {
			isa = PBXGroup;
			children = (
				B42D73392849EDDB00836266 /* main.swift */,
				B4376AB5284BE92E00E5B9EF /* Extensions.swift */,
				B4376AB7284BE95900E5B9EF /* SportCar.swift */,
				B4376AB3284B9F4500E5B9EF /* Protocols.swift */,
				B4376ABB284BF7A300E5B9EF /* Enums.swift */,
				B4376AB9284BE98100E5B9EF /* TrunkCar.swift */,
			);
			path = "5_Русских_Елена";
			sourceTree = "<group>";
		};
/* End PBXGroup section */

/* Begin PBXNativeTarget section */
		B42D73352849EDDB00836266 /* 5_Русских_Елена */ = {
			isa = PBXNativeTarget;
			buildConfigurationList = B42D733D2849EDDB00836266 /* Build configuration list for PBXNativeTarget "5_Русских_Елена" */;
			buildPhases = (
				B42D73322849EDDB00836266 /* Sources */,
				B42D73332849EDDB00836266 /* Frameworks */,
				B42D73342849EDDB00836266 /* CopyFiles */,
			);
			buildRules = (
			);
			dependencies = (
			);
			name = "5_Русских_Елена";
			productName = "5_Русских_Елена";
			productReference = B42D73362849EDDB00836266 /* 5_Русских_Елена */;
			productType = "com.apple.product-type.tool";
		};
/* End PBXNativeTarget section */

/* Begin PBXProject section */
		B42D732E2849EDDB00836266 /* Project object */ = {
			isa = PBXProject;
			attributes = {
				BuildIndependentTargetsInParallel = 1;
				LastSwiftUpdateCheck = 1340;
				LastUpgradeCheck = 1340;
				TargetAttributes = {
					B42D73352849EDDB00836266 = {
						CreatedOnToolsVersion = 13.4;
					};
				};
			};
			buildConfigurationList = B42D73312849EDDB00836266 /* Build configuration list for PBXProject "5_Русских_Елена" */;
			compatibilityVersion = "Xcode 13.0";
			developmentRegion = en;
			hasScannedForEncodings = 0;
			knownRegions = (
				en,
				Base,
			);
			mainGroup = B42D732D2849EDDB00836266;
			productRefGroup = B42D73372849EDDB00836266 /* Products */;
			projectDirPath = "";
			projectRoot = "";
			targets = (
				B42D73352849EDDB00836266 /* 5_Русских_Елена */,
			);
		};
/* End PBXProject section */

/* Begin PBXSourcesBuildPhase section */
		B42D73322849EDDB00836266 /* Sources */ = {
			isa = PBXSourcesBuildPhase;
			buildActionMask = 2147483647;
			files = (
				B42D733A2849EDDB00836266 /* main.swift in Sources */,
				B4376AB6284BE92E00E5B9EF /* Extensions.swift in Sources */,
				B4376AB8284BE95900E5B9EF /* SportCar.swift in Sources */,
				B4376ABA284BE98100E5B9EF /* TrunkCar.swift in Sources */,
				B4376ABC284BF7A300E5B9EF /* Enums.swift in Sources */,
				B4376AB4284B9F4500E5B9EF /* Protocols.swift in Sources */,
			);
			runOnlyForDeploymentPostprocessing = 0;
		};
/* End PBXSourcesBuildPhase section */

/* Begin XCBuildConfiguration section */
		B42D733B2849EDDB00836266 /* Debug */ = {
			isa = XCBuildConfiguration;
			buildSettings = {
				ALWAYS_SEARCH_USER_PATHS = NO;
				CLANG_ANALYZER_NONNULL = YES;
				CLANG_ANALYZER_NUMBER_OBJECT_CONVERSION = YES_AGGRESSIVE;
				CLANG_CXX_LANGUAGE_STANDARD = "gnu++17";
				CLANG_ENABLE_MODULES = YES;
				CLANG_ENABLE_OBJC_ARC = YES;
				CLANG_ENABLE_OBJC_WEAK = YES;
				CLANG_WARN_BLOCK_CAPTURE_AUTORELEASING = YES;
				CLANG_WARN_BOOL_CONVERSION = YES;
				CLANG_WARN_COMMA = YES;
				CLANG_WARN_CONSTANT_CONVERSION = YES;
				CLANG_WARN_DEPRECATED_OBJC_IMPLEMENTATIONS = YES;
				CLANG_WARN_DIRECT_OBJC_ISA_USAGE = YES_ERROR;
				CLANG_WARN_DOCUMENTATION_COMMENTS = YES;
				CLANG_WARN_EMPTY_BODY = YES;
				CLANG_WARN_ENUM_CONVERSION = YES;
				CLANG_WARN_INFINITE_RECURSION = YES;
				CLANG_WARN_INT_CONVERSION = YES;
				CLANG_WARN_NON_LITERAL_NULL_CONVERSION = YES;
				CLANG_WARN_OBJC_IMPLICIT_RETAIN_SELF = YES;
				CLANG_WARN_OBJC_LITERAL_CONVERSION = YES;
				CLANG_WARN_OBJC_ROOT_CLASS = YES_ERROR;
				CLANG_WARN_QUOTED_INCLUDE_IN_FRAMEWORK_HEADER = YES;
				CLANG_WARN_RANGE_LOOP_ANALYSIS = YES;
				CLANG_WARN_STRICT_PROTOTYPES = YES;
				CLANG_WARN_SUSPICIOUS_MOVE = YES;
				CLANG_WARN_UNGUARDED_AVAILABILITY = YES_AGGRESSIVE;
				CLANG_WARN_UNREACHABLE_CODE = YES;
				CLANG_WARN__DUPLICATE_METHOD_MATCH = YES;
				COPY_PHASE_STRIP = NO;
				DEBUG_INFORMATION_FORMAT = dwarf;
				ENABLE_STRICT_OBJC_MSGSEND = YES;
				ENABLE_TESTABILITY = YES;
				GCC_C_LANGUAGE_STANDARD = gnu11;
				GCC_DYNAMIC_NO_PIC = NO;
				GCC_NO_COMMON_BLOCKS = YES;
				GCC_OPTIMIZATION_LEVEL = 0;
				GCC_PREPROCESSOR_DEFINITIONS = (
					"DEBUG=1",
					"$(inherited)",
				);
				GCC_WARN_64_TO_32_BIT_CONVERSION = YES;
				GCC_WARN_ABOUT_RETURN_TYPE = YES_ERROR;
				GCC_WARN_UNDECLARED_SELECTOR = YES;
				GCC_WARN_UNINITIALIZED_AUTOS = YES_AGGRESSIVE;
				GCC_WARN_UNUSED_FUNCTION = YES;
				GCC_WARN_UNUSED_VARIABLE = YES;
				MACOSX_DEPLOYMENT_TARGET = 12.3;
				MTL_ENABLE_DEBUG_INFO = INCLUDE_SOURCE;
				MTL_FAST_MATH = YES;
				ONLY_ACTIVE_ARCH = YES;
				SDKROOT = macosx;
				SWIFT_ACTIVE_COMPILATION_CONDITIONS = DEBUG;
				SWIFT_OPTIMIZATION_LEVEL = "-Onone";
			};
			name = Debug;
		};
		B42D733C2849EDDB00836266 /* Release */ = {
			isa = XCBuildConfiguration;
			buildSettings = {
				ALWAYS_SEARCH_USER_PATHS = NO;
				CLANG_ANALYZER_NONNULL = YES;
				CLANG_ANALYZER_NUMBER_OBJECT_CONVERSION = YES_AGGRESSIVE;
				CLANG_CXX_LANGUAGE_STANDARD = "gnu++17";
				CLANG_ENABLE_MODULES = YES;
				CLANG_ENABLE_OBJC_ARC = YES;
				CLANG_ENABLE_OBJC_WEAK = YES;
				CLANG_WARN_BLOCK_CAPTURE_AUTORELEASING = YES;
				CLANG_WARN_BOOL_CONVERSION = YES;
				CLANG_WARN_COMMA = YES;
				CLANG_WARN_CONSTANT_CONVERSION = YES;
				CLANG_WARN_DEPRECATED_OBJC_IMPLEMENTATIONS = YES;
				CLANG_WARN_DIRECT_OBJC_ISA_USAGE = YES_ERROR;
				CLANG_WARN_DOCUMENTATION_COMMENTS = YES;
				CLANG_WARN_EMPTY_BODY = YES;
				CLANG_WARN_ENUM_CONVERSION = YES;
				CLANG_WARN_INFINITE_RECURSION = YES;
				CLANG_WARN_INT_CONVERSION = YES;
				CLANG_WARN_NON_LITERAL_NULL_CONVERSION = YES;
				CLANG_WARN_OBJC_IMPLICIT_RETAIN_SELF = YES;
				CLANG_WARN_OBJC_LITERAL_CONVERSION = YES;
				CLANG_WARN_OBJC_ROOT_CLASS = YES_ERROR;
				CLANG_WARN_QUOTED_INCLUDE_IN_FRAMEWORK_HEADER = YES;
				CLANG_WARN_RANGE_LOOP_ANALYSIS = YES;
				CLANG_WARN_STRICT_PROTOTYPES = YES;
				CLANG_WARN_SUSPICIOUS_MOVE = YES;
				CLANG_WARN_UNGUARDED_AVAILABILITY = YES_AGGRESSIVE;
				CLANG_WARN_UNREACHABLE_CODE = YES;
				CLANG_WARN__DUPLICATE_METHOD_MATCH = YES;
				COPY_PHASE_STRIP = NO;
				DEBUG_INFORMATION_FORMAT = "dwarf-with-dsym";
				ENABLE_NS_ASSERTIONS = NO;
				ENABLE_STRICT_OBJC_MSGSEND = YES;
				GCC_C_LANGUAGE_STANDARD = gnu11;
				GCC_NO_COMMON_BLOCKS = YES;
				GCC_WARN_64_TO_32_BIT_CONVERSION = YES;
				GCC_WARN_ABOUT_RETURN_TYPE = YES_ERROR;
				GCC_WARN_UNDECLARED_SELECTOR = YES;
				GCC_WARN_UNINITIALIZED_AUTOS = YES_AGGRESSIVE;
				GCC_WARN_UNUSED_FUNCTION = YES;
				GCC_WARN_UNUSED_VARIABLE = YES;
				MACOSX_DEPLOYMENT_TARGET = 12.3;
				MTL_ENABLE_DEBUG_INFO = NO;
				MTL_FAST_MATH = YES;
				SDKROOT = macosx;
				SWIFT_COMPILATION_MODE = wholemodule;
				SWIFT_OPTIMIZATION_LEVEL = "-O";
			};
			name = Release;
		};
		B42D733E2849EDDB00836266 /* Debug */ = {
			isa = XCBuildConfiguration;
			buildSettings = {
				CODE_SIGN_STYLE = Automatic;
				PRODUCT_NAME = "$(TARGET_NAME)";
				SWIFT_VERSION = 5.0;
			};
			name = Debug;
		};
		B42D733F2849EDDB00836266 /* Release */ = {
			isa = XCBuildConfiguration;
			buildSettings = {
				CODE_SIGN_STYLE = Automatic;
				PRODUCT_NAME = "$(TARGET_NAME)";
				SWIFT_VERSION = 5.0;
			};
			name = Release;
		};
/* End XCBuildConfiguration section */

/* Begin XCConfigurationList section */
		B42D73312849EDDB00836266 /* Build configuration list for PBXProject "5_Русских_Елена" */ = {
			isa = XCConfigurationList;
			buildConfigurations = (
				B42D733B2849EDDB00836266 /* Debug */,
				B42D733C2849EDDB00836266 /* Release */,
			);
			defaultConfigurationIsVisible = 0;
			defaultConfigurationName = Release;
		};
		B42D733D2849EDDB00836266 /* Build configuration list for PBXNativeTarget "5_Русских_Елена" */ = {
			isa = XCConfigurationList;
			buildConfigurations = (
				B42D733E2849EDDB00836266 /* Debug */,
				B42D733F2849EDDB00836266 /* Release */,
			);
			defaultConfigurationIsVisible = 0;
			defaultConfigurationName = Release;
		};
/* End XCConfigurationList section */
	};
	rootObject = B42D732E2849EDDB00836266 /* Project object */;
}
